
Microsoft Visual Studio Solution File, Format Version 12.00
# Visual Studio Version 17
VisualStudioVersion = 17.10.34928.147
MinimumVisualStudioVersion = 10.0.40219.1
Project("{8BC9CEB8-8B4A-11D0-8D11-00A0C91BC942}") = "MotionCore", "MotionCore\MotionCore.vcxproj", "{72EF56BB-45D6-4CFB-8F3E-FBE16B9B1889}"
EndProject
Project("{8BC9CEB8-8B4A-11D0-8D11-00A0C91BC942}") = "MotionCoreSamples", "MotionCoreSamples\MotionCoreSamples.vcxproj", "{F8979CCA-BBA7-4823-A360-180B2A373448}"
EndProject
Global
	GlobalSection(SolutionConfigurationPlatforms) = preSolution
		Debug|x64 = Debug|x64
		Debug|x86 = Debug|x86
		Release|x64 = Release|x64
		Release|x86 = Release|x86
	EndGlobalSection
	GlobalSection(ProjectConfigurationPlatforms) = postSolution
		{72EF56BB-45D6-4CFB-8F3E-FBE16B9B1889}.Debug|x64.ActiveCfg = Debug|x64
		{72EF56BB-45D6-4CFB-8F3E-FBE16B9B1889}.Debug|x64.Build.0 = Debug|x64
		{72EF56BB-45D6-4CFB-8F3E-FBE16B9B1889}.Debug|x86.ActiveCfg = Debug|Win32
		{72EF56BB-45D6-4CFB-8F3E-FBE16B9B1889}.Debug|x86.Build.0 = Debug|Win32
		{72EF56BB-45D6-4CFB-8F3E-FBE16B9B1889}.Release|x64.ActiveCfg = Release|x64
		{72EF56BB-45D6-4CFB-8F3E-FBE16B9B1889}.Release|x64.Build.0 = Release|x64
		{72EF56BB-45D6-4CFB-8F3E-FBE16B9B1889}.Release|x86.ActiveCfg = Release|Win32
		{72EF56BB-45D6-4CFB-8F3E-FBE16B9B1889}.Release|x86.Build.0 = Release|Win32
		{F8979CCA-BBA7-4823-A360-180B2A373448}.Debug|x64.ActiveCfg = Debug|x64
		{F8979CCA-BBA7-4823-A360-180B2A373448}.Debug|x64.Build.0 = Debug|x64
		{F8979CCA-BBA7-4823-A360-180B2A373448}.Debug|x86.ActiveCfg = Debug|Win32
		{F8979CCA-BBA7-4823-A360-180B2A373448}.Debug|x86.Build.0 = Debug|Win32
		{F8979CCA-BBA7-4823-A360-180B2A373448}.Release|x64.ActiveCfg = Release|x64
		{F8979CCA-BBA7-4823-A360-180B2A373448}.Release|x64.Build.0 = Release|x64
		{F8979CCA-BBA7-4823-A360-180B2A373448}.Release|x86.ActiveCfg = Release|Win32
		{F8979CCA-BBA7-4823-A360-180B2A373448}.Release|x86.Build.0 = Release|Win32
	EndGlobalSection
	GlobalSection(SolutionProperties) = preSolution
		HideSolutionNode = FALSE
	EndGlobalSection
	GlobalSection(ExtensibilityGlobals) = postSolution
		SolutionGuid = {A9E5D8A2-A6E7-4EF0-A374-0B161C01B58E}
	EndGlobalSection
EndGlobal
